
Microsoft Visual Studio Solution File, Format Version 12.00
# Visual Studio Version 17
VisualStudioVersion = 17.1.32328.378
MinimumVisualStudioVersion = 10.0.40219.1
Project("{FAE04EC0-301F-11D3-BF4B-00C04F79EFBC}") = "CésarLanches", "CésarLanches.csproj", "{77F583C9-0D92-4F7B-B6C6-126172E77426}"
EndProject
Global
	GlobalSection(SolutionConfigurationPlatforms) = preSolution
		Debug|Any CPU = Debug|Any CPU
		Release|Any CPU = Release|Any CPU
	EndGlobalSection
	GlobalSection(ProjectConfigurationPlatforms) = postSolution
		{77F583C9-0D92-4F7B-B6C6-126172E77426}.Debug|Any CPU.ActiveCfg = Debug|Any CPU
		{77F583C9-0D92-4F7B-B6C6-126172E77426}.Debug|Any CPU.Build.0 = Debug|Any CPU
		{77F583C9-0D92-4F7B-B6C6-126172E77426}.Release|Any CPU.ActiveCfg = Release|Any CPU
		{77F583C9-0D92-4F7B-B6C6-126172E77426}.Release|Any CPU.Build.0 = Release|Any CPU
	EndGlobalSection
	GlobalSection(SolutionProperties) = preSolution
		HideSolutionNode = FALSE
	EndGlobalSection
	GlobalSection(ExtensibilityGlobals) = postSolution
		SolutionGuid = {1CAA555C-30E4-4D91-BE7F-BC3E5E407FB6}
	EndGlobalSection
EndGlobal
